// !$*UTF8*$!
{
	archiveVersion = 1;
	classes = {
	};
	objectVersion = 77;
	objects = {

/* Begin PBXContainerItemProxy section */
		072D9CD52F96ECBB00FD4B20 /* PBXContainerItemProxy */ = {
			isa = PBXContainerItemProxy;
			containerPortal = 072D9CB92F96ECB800FD4B20 /* Project object */;
			proxyType = 1;
			remoteGlobalIDString = 072D9CC02F96ECB800FD4B20;
			remoteInfo = TrackMeta;
		};
		072D9CDF2F96ECBB00FD4B20 /* PBXContainerItemProxy */ = {
			isa = PBXContainerItemProxy;
			containerPortal = 072D9CB92F96ECB800FD4B20 /* Project object */;
			proxyType = 1;
			remoteGlobalIDString = 072D9CC02F96ECB800FD4B20;
			remoteInfo = TrackMeta;
		};
/* End PBXContainerItemProxy section */

/* Begin PBXFileReference section */
		072D9CC12F96ECB800FD4B20 /* TrackMeta.app */ = {isa = PBXFileReference; explicitFileType = wrapper.application; includeInIndex = 0; path = TrackMeta.app; sourceTree = BUILT_PRODUCTS_DIR; };
		072D9CD42F96ECBB00FD4B20 /* TrackMetaTests.xctest */ = {isa = PBXFileReference; explicitFileType = wrapper.cfbundle; includeInIndex = 0; path = TrackMetaTests.xctest; sourceTree = BUILT_PRODUCTS_DIR; };
		072D9CDE2F96ECBB00FD4B20 /* TrackMetaUITests.xctest */ = {isa = PBXFileReference; explicitFileType = wrapper.cfbundle; includeInIndex = 0; path = TrackMetaUITests.xctest; sourceTree = BUILT_PRODUCTS_DIR; };
/* End PBXFileReference section */

/* Begin PBXFileSystemSynchronizedRootGroup section */
		072D9CC32F96ECB800FD4B20 /* TrackMeta */ = {
			isa = PBXFileSystemSynchronizedRootGroup;
			path = TrackMeta;
			sourceTree = "<group>";
		};
		072D9CD72F96ECBB00FD4B20 /* TrackMetaTests */ = {
			isa = PBXFileSystemSynchronizedRootGroup;
			path = TrackMetaTests;
			sourceTree = "<group>";
		};
		072D9CE12F96ECBB00FD4B20 /* TrackMetaUITests */ = {
			isa = PBXFileSystemSynchronizedRootGroup;
			path = TrackMetaUITests;
			sourceTree = "<group>";
		};
/* End PBXFileSystemSynchronizedRootGroup section */

/* Begin PBXFrameworksBuildPhase section */
		072D9CBE2F96ECB800FD4B20 /* Frameworks */ = {
			isa = PBXFrameworksBuildPhase;
			buildActionMask = 2147483647;
			files = (
			);
			runOnlyForDeploymentPostprocessing = 0;
		};
		072D9CD12F96ECBB00FD4B20 /* Frameworks */ = {
			isa = PBXFrameworksBuildPhase;
			buildActionMask = 2147483647;
			files = (
			);
			runOnlyForDeploymentPostprocessing = 0;
		};
		072D9CDB2F96ECBB00FD4B20 /* Frameworks */ = {
			isa = PBXFrameworksBuildPhase;
			buildActionMask = 2147483647;
			files = (
			);
			runOnlyForDeploymentPostprocessing = 0;
		};
/* End PBXFrameworksBuildPhase section */

/* Begin PBXGroup section */
		072D9CB82F96ECB800FD4B20 = {
			isa = PBXGroup;
			children = (
				072D9CC32F96ECB800FD4B20 /* TrackMeta */,
				072D9CD72F96ECBB00FD4B20 /* TrackMetaTests */,
				072D9CE12F96ECBB00FD4B20 /* TrackMetaUITests */,
				072D9CC22F96ECB800FD4B20 /* Products */,
			);
			sourceTree = "<group>";
		};
		072D9CC22F96ECB800FD4B20 /* Products */ = {
			isa = PBXGroup;
			children = (
				072D9CC12F96ECB800FD4B20 /* TrackMeta.app */,
				072D9CD42F96ECBB00FD4B20 /* TrackMetaTests.xctest */,
				072D9CDE2F96ECBB00FD4B20 /* TrackMetaUITests.xctest */,
			);
			name = Products;
			sourceTree = "<group>";
		};
/* End PBXGroup section */

/* Begin PBXNativeTarget section */
		072D9CC02F96ECB800FD4B20 /* TrackMeta */ = {
			isa = PBXNativeTarget;
			buildConfigurationList = 072D9CE82F96ECBB00FD4B20 /* Build configuration list for PBXNativeTarget "TrackMeta" */;
			buildPhases = (
				072D9CBD2F96ECB800FD4B20 /* Sources */,
				072D9CBE2F96ECB800FD4B20 /* Frameworks */,
				072D9CBF2F96ECB800FD4B20 /* Resources */,
			);
			buildRules = (
			);
			dependencies = (
			);
			fileSystemSynchronizedGroups = (
				072D9CC32F96ECB800FD4B20 /* TrackMeta */,
			);
			name = TrackMeta;
			packageProductDependencies = (
			);
			productName = TrackMeta;
			productReference = 072D9CC12F96ECB800FD4B20 /* TrackMeta.app */;
			productType = "com.apple.product-type.application";
		};
		072D9CD32F96ECBB00FD4B20 /* TrackMetaTests */ = {
			isa = PBXNativeTarget;
			buildConfigurationList = 072D9CEB2F96ECBB00FD4B20 /* Build configuration list for PBXNativeTarget "TrackMetaTests" */;
			buildPhases = (
				072D9CD02F96ECBB00FD4B20 /* Sources */,
				072D9CD12F96ECBB00FD4B20 /* Frameworks */,
				072D9CD22F96ECBB00FD4B20 /* Resources */,
			);
			buildRules = (
			);
			dependencies = (
				072D9CD62F96ECBB00FD4B20 /* PBXTargetDependency */,
			);
			fileSystemSynchronizedGroups = (
				072D9CD72F96ECBB00FD4B20 /* TrackMetaTests */,
			);
			name = TrackMetaTests;
			packageProductDependencies = (
			);
			productName = TrackMetaTests;
			productReference = 072D9CD42F96ECBB00FD4B20 /* TrackMetaTests.xctest */;
			productType = "com.apple.product-type.bundle.unit-test";
		};
		072D9CDD2F96ECBB00FD4B20 /* TrackMetaUITests */ = {
			isa = PBXNativeTarget;
			buildConfigurationList = 072D9CEE2F96ECBB00FD4B20 /* Build configuration list for PBXNativeTarget "TrackMetaUITests" */;
			buildPhases = (
				072D9CDA2F96ECBB00FD4B20 /* Sources */,
				072D9CDB2F96ECBB00FD4B20 /* Frameworks */,
				072D9CDC2F96ECBB00FD4B20 /* Resources */,
			);
			buildRules = (
			);
			dependencies = (
				072D9CE02F96ECBB00FD4B20 /* PBXTargetDependency */,
			);
			fileSystemSynchronizedGroups = (
				072D9CE12F96ECBB00FD4B20 /* TrackMetaUITests */,
			);
			name = TrackMetaUITests;
			packageProductDependencies = (
			);
			productName = TrackMetaUITests;
			productReference = 072D9CDE2F96ECBB00FD4B20 /* TrackMetaUITests.xctest */;
			productType = "com.apple.product-type.bundle.ui-testing";
		};
/* End PBXNativeTarget section */

/* Begin PBXProject section */
		072D9CB92F96ECB800FD4B20 /* Project object */ = {
			isa = PBXProject;
			attributes = {
				BuildIndependentTargetsInParallel = 1;
				LastSwiftUpdateCheck = 1620;
				LastUpgradeCheck = 1620;
				TargetAttributes = {
					072D9CC02F96ECB800FD4B20 = {
						CreatedOnToolsVersion = 16.2;
					};
					072D9CD32F96ECBB00FD4B20 = {
						CreatedOnToolsVersion = 16.2;
						TestTargetID = 072D9CC02F96ECB800FD4B20;
					};
					072D9CDD2F96ECBB00FD4B20 = {
						CreatedOnToolsVersion = 16.2;
						TestTargetID = 072D9CC02F96ECB800FD4B20;
					};
				};
			};
			buildConfigurationList = 072D9CBC2F96ECB800FD4B20 /* Build configuration list for PBXProject "TrackMeta" */;
			developmentRegion = en;
			hasScannedForEncodings = 0;
			knownRegions = (
				en,
				Base,
			);
			mainGroup = 072D9CB82F96ECB800FD4B20;
			minimizedProjectReferenceProxies = 1;
			preferredProjectObjectVersion = 77;
			productRefGroup = 072D9CC22F96ECB800FD4B20 /* Products */;
			projectDirPath = "";
			projectRoot = "";
			targets = (
				072D9CC02F96ECB800FD4B20 /* TrackMeta */,
				072D9CD32F96ECBB00FD4B20 /* TrackMetaTests */,
				072D9CDD2F96ECBB00FD4B20 /* TrackMetaUITests */,
			);
		};
/* End PBXProject section */

/* Begin PBXResourcesBuildPhase section */
		072D9CBF2F96ECB800FD4B20 /* Resources */ = {
			isa = PBXResourcesBuildPhase;
			buildActionMask = 2147483647;
			files = (
			);
			runOnlyForDeploymentPostprocessing = 0;
		};
		072D9CD22F96ECBB00FD4B20 /* Resources */ = {
			isa = PBXResourcesBuildPhase;
			buildActionMask = 2147483647;
			files = (
			);
			runOnlyForDeploymentPostprocessing = 0;
		};
		072D9CDC2F96ECBB00FD4B20 /* Resources */ = {
			isa = PBXResourcesBuildPhase;
			buildActionMask = 2147483647;
			files = (
			);
			runOnlyForDeploymentPostprocessing = 0;
		};
/* End PBXResourcesBuildPhase section */

/* Begin PBXSourcesBuildPhase section */
		072D9CBD2F96ECB800FD4B20 /* Sources */ = {
			isa = PBXSourcesBuildPhase;
			buildActionMask = 2147483647;
			files = (
			);
			runOnlyForDeploymentPostprocessing = 0;
		};
		072D9CD02F96ECBB00FD4B20 /* Sources */ = {
			isa = PBXSourcesBuildPhase;
			buildActionMask = 2147483647;
			files = (
			);
			runOnlyForDeploymentPostprocessing = 0;
		};
		072D9CDA2F96ECBB00FD4B20 /* Sources */ = {
			isa = PBXSourcesBuildPhase;
			buildActionMask = 2147483647;
			files = (
			);
			runOnlyForDeploymentPostprocessing = 0;
		};
/* End PBXSourcesBuildPhase section */

/* Begin PBXTargetDependency section */
		072D9CD62F96ECBB00FD4B20 /* PBXTargetDependency */ = {
			isa = PBXTargetDependency;
			target = 072D9CC02F96ECB800FD4B20 /* TrackMeta */;
			targetProxy = 072D9CD52F96ECBB00FD4B20 /* PBXContainerItemProxy */;
		};
		072D9CE02F96ECBB00FD4B20 /* PBXTargetDependency */ = {
			isa = PBXTargetDependency;
			target = 072D9CC02F96ECB800FD4B20 /* TrackMeta */;
			targetProxy = 072D9CDF2F96ECBB00FD4B20 /* PBXContainerItemProxy */;
		};
/* End PBXTargetDependency section */

/* Begin XCBuildConfiguration section */
		072D9CE62F96ECBB00FD4B20 /* Debug */ = {
			isa = XCBuildConfiguration;
			buildSettings = {
				ALWAYS_SEARCH_USER_PATHS = NO;
				ASSETCATALOG_COMPILER_GENERATE_SWIFT_ASSET_SYMBOL_EXTENSIONS = YES;
				CLANG_ANALYZER_NONNULL = YES;
				CLANG_ANALYZER_NUMBER_OBJECT_CONVERSION = YES_AGGRESSIVE;
				CLANG_CXX_LANGUAGE_STANDARD = "gnu++20";
				CLANG_ENABLE_MODULES = YES;
				CLANG_ENABLE_OBJC_ARC = YES;
				CLANG_ENABLE_OBJC_WEAK = YES;
				CLANG_WARN_BLOCK_CAPTURE_AUTORELEASING = YES;
				CLANG_WARN_BOOL_CONVERSION = YES;
				CLANG_WARN_COMMA = YES;
				CLANG_WARN_CONSTANT_CONVERSION = YES;
				CLANG_WARN_DEPRECATED_OBJC_IMPLEMENTATIONS = YES;
				CLANG_WARN_DIRECT_OBJC_ISA_USAGE = YES_ERROR;
				CLANG_WARN_DOCUMENTATION_COMMENTS = YES;
				CLANG_WARN_EMPTY_BODY = YES;
				CLANG_WARN_ENUM_CONVERSION = YES;
				CLANG_WARN_INFINITE_RECURSION = YES;
				CLANG_WARN_INT_CONVERSION = YES;
				CLANG_WARN_NON_LITERAL_NULL_CONVERSION = YES;
				CLANG_WARN_OBJC_IMPLICIT_RETAIN_SELF = YES;
				CLANG_WARN_OBJC_LITERAL_CONVERSION = YES;
				CLANG_WARN_OBJC_ROOT_CLASS = YES_ERROR;
				CLANG_WARN_QUOTED_INCLUDE_IN_FRAMEWORK_HEADER = YES;
				CLANG_WARN_RANGE_LOOP_ANALYSIS = YES;
				CLANG_WARN_STRICT_PROTOTYPES = YES;
				CLANG_WARN_SUSPICIOUS_MOVE = YES;
				CLANG_WARN_UNGUARDED_AVAILABILITY = YES_AGGRESSIVE;
				CLANG_WARN_UNREACHABLE_CODE = YES;
				CLANG_WARN__DUPLICATE_METHOD_MATCH = YES;
				COPY_PHASE_STRIP = NO;
				DEBUG_INFORMATION_FORMAT = dwarf;
				ENABLE_STRICT_OBJC_MSGSEND = YES;
				ENABLE_TESTABILITY = YES;
				ENABLE_USER_SCRIPT_SANDBOXING = YES;
				GCC_C_LANGUAGE_STANDARD = gnu17;
				GCC_DYNAMIC_NO_PIC = NO;
				GCC_NO_COMMON_BLOCKS = YES;
				GCC_OPTIMIZATION_LEVEL = 0;
				GCC_PREPROCESSOR_DEFINITIONS = (
					"DEBUG=1",
					"$(inherited)",
				);
				GCC_WARN_64_TO_32_BIT_CONVERSION = YES;
				GCC_WARN_ABOUT_RETURN_TYPE = YES_ERROR;
				GCC_WARN_UNDECLARED_SELECTOR = YES;
				GCC_WARN_UNINITIALIZED_AUTOS = YES_AGGRESSIVE;
				GCC_WARN_UNUSED_FUNCTION = YES;
				GCC_WARN_UNUSED_VARIABLE = YES;
				LOCALIZATION_PREFERS_STRING_CATALOGS = YES;
				MACOSX_DEPLOYMENT_TARGET = 15.0;
				MTL_ENABLE_DEBUG_INFO = INCLUDE_SOURCE;
				MTL_FAST_MATH = YES;
				ONLY_ACTIVE_ARCH = YES;
				SDKROOT = macosx;
				SWIFT_ACTIVE_COMPILATION_CONDITIONS = "DEBUG $(inherited)";
				SWIFT_OPTIMIZATION_LEVEL = "-Onone";
			};
			name = Debug;
		};
		072D9CE72F96ECBB00FD4B20 /* Release */ = {
			isa = XCBuildConfiguration;
			buildSettings = {
				ALWAYS_SEARCH_USER_PATHS = NO;
				ASSETCATALOG_COMPILER_GENERATE_SWIFT_ASSET_SYMBOL_EXTENSIONS = YES;
				CLANG_ANALYZER_NONNULL = YES;
				CLANG_ANALYZER_NUMBER_OBJECT_CONVERSION = YES_AGGRESSIVE;
				CLANG_CXX_LANGUAGE_STANDARD = "gnu++20";
				CLANG_ENABLE_MODULES = YES;
				CLANG_ENABLE_OBJC_ARC = YES;
				CLANG_ENABLE_OBJC_WEAK = YES;
				CLANG_WARN_BLOCK_CAPTURE_AUTORELEASING = YES;
				CLANG_WARN_BOOL_CONVERSION = YES;
				CLANG_WARN_COMMA = YES;
				CLANG_WARN_CONSTANT_CONVERSION = YES;
				CLANG_WARN_DEPRECATED_OBJC_IMPLEMENTATIONS = YES;
				CLANG_WARN_DIRECT_OBJC_ISA_USAGE = YES_ERROR;
				CLANG_WARN_DOCUMENTATION_COMMENTS = YES;
				CLANG_WARN_EMPTY_BODY = YES;
				CLANG_WARN_ENUM_CONVERSION = YES;
				CLANG_WARN_INFINITE_RECURSION = YES;
				CLANG_WARN_INT_CONVERSION = YES;
				CLANG_WARN_NON_LITERAL_NULL_CONVERSION = YES;
				CLANG_WARN_OBJC_IMPLICIT_RETAIN_SELF = YES;
				CLANG_WARN_OBJC_LITERAL_CONVERSION = YES;
				CLANG_WARN_OBJC_ROOT_CLASS = YES_ERROR;
				CLANG_WARN_QUOTED_INCLUDE_IN_FRAMEWORK_HEADER = YES;
				CLANG_WARN_RANGE_LOOP_ANALYSIS = YES;
				CLANG_WARN_STRICT_PROTOTYPES = YES;
				CLANG_WARN_SUSPICIOUS_MOVE = YES;
				CLANG_WARN_UNGUARDED_AVAILABILITY = YES_AGGRESSIVE;
				CLANG_WARN_UNREACHABLE_CODE = YES;
				CLANG_WARN__DUPLICATE_METHOD_MATCH = YES;
				COPY_PHASE_STRIP = NO;
				DEBUG_INFORMATION_FORMAT = "dwarf-with-dsym";
				ENABLE_NS_ASSERTIONS = NO;
				ENABLE_STRICT_OBJC_MSGSEND = YES;
				ENABLE_USER_SCRIPT_SANDBOXING = YES;
				GCC_C_LANGUAGE_STANDARD = gnu17;
				GCC_NO_COMMON_BLOCKS = YES;
				GCC_WARN_64_TO_32_BIT_CONVERSION = YES;
				GCC_WARN_ABOUT_RETURN_TYPE = YES_ERROR;
				GCC_WARN_UNDECLARED_SELECTOR = YES;
				GCC_WARN_UNINITIALIZED_AUTOS = YES_AGGRESSIVE;
				GCC_WARN_UNUSED_FUNCTION = YES;
				GCC_WARN_UNUSED_VARIABLE = YES;
				LOCALIZATION_PREFERS_STRING_CATALOGS = YES;
				MACOSX_DEPLOYMENT_TARGET = 15.0;
				MTL_ENABLE_DEBUG_INFO = NO;
				MTL_FAST_MATH = YES;
				SDKROOT = macosx;
				SWIFT_COMPILATION_MODE = wholemodule;
			};
			name = Release;
		};
		072D9CE92F96ECBB00FD4B20 /* Debug */ = {
			isa = XCBuildConfiguration;
			buildSettings = {
				ASSETCATALOG_COMPILER_APPICON_NAME = AppIcon;
				ASSETCATALOG_COMPILER_GLOBAL_ACCENT_COLOR_NAME = AccentColor;
				CODE_SIGN_ENTITLEMENTS = TrackMeta/TrackMeta.entitlements;
				CODE_SIGN_STYLE = Automatic;
				COMBINE_HIDPI_IMAGES = YES;
				CURRENT_PROJECT_VERSION = 1;
				DEVELOPMENT_ASSET_PATHS = "\"TrackMeta/Preview Content\"";
				DEVELOPMENT_TEAM = 339JTJ9YV2;
				ENABLE_HARDENED_RUNTIME = YES;
				ENABLE_PREVIEWS = YES;
				GENERATE_INFOPLIST_FILE = YES;
				INFOPLIST_KEY_NSHumanReadableCopyright = "";
				LD_RUNPATH_SEARCH_PATHS = (
					"$(inherited)",
					"@executable_path/../Frameworks",
				);
				MACOSX_DEPLOYMENT_TARGET = 14.0;
				MARKETING_VERSION = 1.0;
				PRODUCT_BUNDLE_IDENTIFIER = com.bias.TrackMeta;
				PRODUCT_NAME = "$(TARGET_NAME)";
				SWIFT_EMIT_LOC_STRINGS = YES;
				SWIFT_VERSION = 5.0;
			};
			name = Debug;
		};
		072D9CEA2F96ECBB00FD4B20 /* Release */ = {
			isa = XCBuildConfiguration;
			buildSettings = {
				ASSETCATALOG_COMPILER_APPICON_NAME = AppIcon;
				ASSETCATALOG_COMPILER_GLOBAL_ACCENT_COLOR_NAME = AccentColor;
				CODE_SIGN_ENTITLEMENTS = TrackMeta/TrackMeta.entitlements;
				CODE_SIGN_STYLE = Automatic;
				COMBINE_HIDPI_IMAGES = YES;
				CURRENT_PROJECT_VERSION = 1;
				DEVELOPMENT_ASSET_PATHS = "\"TrackMeta/Preview Content\"";
				DEVELOPMENT_TEAM = 339JTJ9YV2;
				ENABLE_HARDENED_RUNTIME = YES;
				ENABLE_PREVIEWS = YES;
				GENERATE_INFOPLIST_FILE = YES;
				INFOPLIST_KEY_NSHumanReadableCopyright = "";
				LD_RUNPATH_SEARCH_PATHS = (
					"$(inherited)",
					"@executable_path/../Frameworks",
				);
				MACOSX_DEPLOYMENT_TARGET = 14.0;
				MARKETING_VERSION = 1.0;
				PRODUCT_BUNDLE_IDENTIFIER = com.bias.TrackMeta;
				PRODUCT_NAME = "$(TARGET_NAME)";
				SWIFT_EMIT_LOC_STRINGS = YES;
				SWIFT_VERSION = 5.0;
			};
			name = Release;
		};
		072D9CEC2F96ECBB00FD4B20 /* Debug */ = {
			isa = XCBuildConfiguration;
			buildSettings = {
				BUNDLE_LOADER = "$(TEST_HOST)";
				CODE_SIGN_STYLE = Automatic;
				CURRENT_PROJECT_VERSION = 1;
				DEVELOPMENT_TEAM = 339JTJ9YV2;
				GENERATE_INFOPLIST_FILE = YES;
				MACOSX_DEPLOYMENT_TARGET = 14.0;
				MARKETING_VERSION = 1.0;
				PRODUCT_BUNDLE_IDENTIFIER = com.bias.TrackMetaTests;
				PRODUCT_NAME = "$(TARGET_NAME)";
				SWIFT_EMIT_LOC_STRINGS = NO;
				SWIFT_VERSION = 5.0;
				TEST_HOST = "$(BUILT_PRODUCTS_DIR)/TrackMeta.app/$(BUNDLE_EXECUTABLE_FOLDER_PATH)/TrackMeta";
			};
			name = Debug;
		};
		072D9CED2F96ECBB00FD4B20 /* Release */ = {
			isa = XCBuildConfiguration;
			buildSettings = {
				BUNDLE_LOADER = "$(TEST_HOST)";
				CODE_SIGN_STYLE = Automatic;
				CURRENT_PROJECT_VERSION = 1;
				DEVELOPMENT_TEAM = 339JTJ9YV2;
				GENERATE_INFOPLIST_FILE = YES;
				MACOSX_DEPLOYMENT_TARGET = 14.0;
				MARKETING_VERSION = 1.0;
				PRODUCT_BUNDLE_IDENTIFIER = com.bias.TrackMetaTests;
				PRODUCT_NAME = "$(TARGET_NAME)";
				SWIFT_EMIT_LOC_STRINGS = NO;
				SWIFT_VERSION = 5.0;
				TEST_HOST = "$(BUILT_PRODUCTS_DIR)/TrackMeta.app/$(BUNDLE_EXECUTABLE_FOLDER_PATH)/TrackMeta";
			};
			name = Release;
		};
		072D9CEF2F96ECBB00FD4B20 /* Debug */ = {
			isa = XCBuildConfiguration;
			buildSettings = {
				CODE_SIGN_STYLE = Automatic;
				CURRENT_PROJECT_VERSION = 1;
				DEVELOPMENT_TEAM = 339JTJ9YV2;
				GENERATE_INFOPLIST_FILE = YES;
				MARKETING_VERSION = 1.0;
				PRODUCT_BUNDLE_IDENTIFIER = com.bias.TrackMetaUITests;
				PRODUCT_NAME = "$(TARGET_NAME)";
				SWIFT_EMIT_LOC_STRINGS = NO;
				SWIFT_VERSION = 5.0;
				TEST_TARGET_NAME = TrackMeta;
			};
			name = Debug;
		};
		072D9CF02F96ECBB00FD4B20 /* Release */ = {
			isa = XCBuildConfiguration;
			buildSettings = {
				CODE_SIGN_STYLE = Automatic;
				CURRENT_PROJECT_VERSION = 1;
				DEVELOPMENT_TEAM = 339JTJ9YV2;
				GENERATE_INFOPLIST_FILE = YES;
				MARKETING_VERSION = 1.0;
				PRODUCT_BUNDLE_IDENTIFIER = com.bias.TrackMetaUITests;
				PRODUCT_NAME = "$(TARGET_NAME)";
				SWIFT_EMIT_LOC_STRINGS = NO;
				SWIFT_VERSION = 5.0;
				TEST_TARGET_NAME = TrackMeta;
			};
			name = Release;
		};
/* End XCBuildConfiguration section */

/* Begin XCConfigurationList section */
		072D9CBC2F96ECB800FD4B20 /* Build configuration list for PBXProject "TrackMeta" */ = {
			isa = XCConfigurationList;
			buildConfigurations = (
				072D9CE62F96ECBB00FD4B20 /* Debug */,
				072D9CE72F96ECBB00FD4B20 /* Release */,
			);
			defaultConfigurationIsVisible = 0;
			defaultConfigurationName = Release;
		};
		072D9CE82F96ECBB00FD4B20 /* Build configuration list for PBXNativeTarget "TrackMeta" */ = {
			isa = XCConfigurationList;
			buildConfigurations = (
				072D9CE92F96ECBB00FD4B20 /* Debug */,
				072D9CEA2F96ECBB00FD4B20 /* Release */,
			);
			defaultConfigurationIsVisible = 0;
			defaultConfigurationName = Release;
		};
		072D9CEB2F96ECBB00FD4B20 /* Build configuration list for PBXNativeTarget "TrackMetaTests" */ = {
			isa = XCConfigurationList;
			buildConfigurations = (
				072D9CEC2F96ECBB00FD4B20 /* Debug */,
				072D9CED2F96ECBB00FD4B20 /* Release */,
			);
			defaultConfigurationIsVisible = 0;
			defaultConfigurationName = Release;
		};
		072D9CEE2F96ECBB00FD4B20 /* Build configuration list for PBXNativeTarget "TrackMetaUITests" */ = {
			isa = XCConfigurationList;
			buildConfigurations = (
				072D9CEF2F96ECBB00FD4B20 /* Debug */,
				072D9CF02F96ECBB00FD4B20 /* Release */,
			);
			defaultConfigurationIsVisible = 0;
			defaultConfigurationName = Release;
		};
/* End XCConfigurationList section */
	};
	rootObject = 072D9CB92F96ECB800FD4B20 /* Project object */;
}
